
Microsoft Visual Studio Solution File, Format Version 12.00
# Visual Studio 14
VisualStudioVersion = 14.0.25420.1
MinimumVisualStudioVersion = 10.0.40219.1
Project("{FAE04EC0-301F-11D3-BF4B-00C04F79EFBC}") = "01ExcelAddIn", "01ExcelAddIn\01ExcelAddIn.csproj", "{A18F9E36-EF38-4F8A-990F-7B9D6E36DC68}"
EndProject
Project("{FAE04EC0-301F-11D3-BF4B-00C04F79EFBC}") = "02ExcelAddIn", "02ExcelAddIn\02ExcelAddIn.csproj", "{8A2F4E30-A1E8-4742-8DFB-C1942FF9D100}"
EndProject
Global
	GlobalSection(SolutionConfigurationPlatforms) = preSolution
		Debug|Any CPU = Debug|Any CPU
		Release|Any CPU = Release|Any CPU
	EndGlobalSection
	GlobalSection(ProjectConfigurationPlatforms) = postSolution
		{A18F9E36-EF38-4F8A-990F-7B9D6E36DC68}.Debug|Any CPU.ActiveCfg = Debug|Any CPU
		{A18F9E36-EF38-4F8A-990F-7B9D6E36DC68}.Debug|Any CPU.Build.0 = Debug|Any CPU
		{A18F9E36-EF38-4F8A-990F-7B9D6E36DC68}.Release|Any CPU.ActiveCfg = Release|Any CPU
		{A18F9E36-EF38-4F8A-990F-7B9D6E36DC68}.Release|Any CPU.Build.0 = Release|Any CPU
		{8A2F4E30-A1E8-4742-8DFB-C1942FF9D100}.Debug|Any CPU.ActiveCfg = Debug|Any CPU
		{8A2F4E30-A1E8-4742-8DFB-C1942FF9D100}.Debug|Any CPU.Build.0 = Debug|Any CPU
		{8A2F4E30-A1E8-4742-8DFB-C1942FF9D100}.Release|Any CPU.ActiveCfg = Release|Any CPU
		{8A2F4E30-A1E8-4742-8DFB-C1942FF9D100}.Release|Any CPU.Build.0 = Release|Any CPU
	EndGlobalSection
	GlobalSection(SolutionProperties) = preSolution
		HideSolutionNode = FALSE
	EndGlobalSection
EndGlobal
